# This file was autogenerated by Stack.
# You should not edit this file by hand.
# For more information, please see the documentation at:
#   https://docs.haskellstack.org/en/stable/lock_files

packages:
- completed:
    hackage: lens-regex-pcre-1.1.0.0@sha256:a6053fefae59f6b53b4741e5a75c5fae350af80dbf62e8673b565e1c3f34f8b9,2209
    pantry-tree:
      size: 630
      sha256: 84a02d84433d92c5e2a9a7bfd662244be607b4004c7d4d6fd1ba53adbc655022
  original:
    hackage: lens-regex-pcre-1.1.0.0@sha256:a6053fefae59f6b53b4741e5a75c5fae350af80dbf62e8673b565e1c3f34f8b9,2209
- completed:
    hackage: yesod-auth-oauth2-0.6.1.3@sha256:55cffff1fab531ee25fc711d35c437add6a5ce7b2a71c4277e33e86f29ef2579,2949
    pantry-tree:
      size: 1844
      sha256: 45d7d23a3e1c951f5517d7cdbc1d305eea115d217c982f204ad0db6a32afe04c
  original:
    hackage: yesod-auth-oauth2-0.6.1.3@sha256:55cffff1fab531ee25fc711d35c437add6a5ce7b2a71c4277e33e86f29ef2579,2949
snapshots:
- completed:
    size: 532383
    url: https://raw.githubusercontent.com/commercialhaskell/stackage-snapshots/master/lts/16/10.yaml
    sha256: 469d781ab6d2a4eceed6b31b6e4ec842dcd3cd1d11577972e86902603dce24df
  original: lts-16.10
